// !$*UTF8*$!
{
	archiveVersion = 1;
	classes = {
	};
	objectVersion = 56;
	objects = {

/* Begin PBXBuildFile section */
		B01F9CCE299AEB290098F931 /* ScrumdingerApp.swift in Sources */ = {isa = PBXBuildFile; fileRef = B01F9CCD299AEB290098F931 /* ScrumdingerApp.swift */; };
		B01F9CD0299AEB290098F931 /* MeetingView.swift in Sources */ = {isa = PBXBuildFile; fileRef = B01F9CCF299AEB290098F931 /* MeetingView.swift */; };
		B01F9CD2299AEB2C0098F931 /* Assets.xcassets in Resources */ = {isa = PBXBuildFile; fileRef = B01F9CD1299AEB2C0098F931 /* Assets.xcassets */; };
		B01F9CD5299AEB2C0098F931 /* Preview Assets.xcassets in Resources */ = {isa = PBXBuildFile; fileRef = B01F9CD4299AEB2C0098F931 /* Preview Assets.xcassets */; };
		B01F9CDF299AEB2D0098F931 /* ScrumdingerTests.swift in Sources */ = {isa = PBXBuildFile; fileRef = B01F9CDE299AEB2D0098F931 /* ScrumdingerTests.swift */; };
		B01F9CE9299AEB2D0098F931 /* ScrumdingerUITests.swift in Sources */ = {isa = PBXBuildFile; fileRef = B01F9CE8299AEB2D0098F931 /* ScrumdingerUITests.swift */; };
		B01F9CEB299AEB2D0098F931 /* ScrumdingerUITestsLaunchTests.swift in Sources */ = {isa = PBXBuildFile; fileRef = B01F9CEA299AEB2D0098F931 /* ScrumdingerUITestsLaunchTests.swift */; };
		B01F9CF9299AF2E90098F931 /* Theme.swift in Sources */ = {isa = PBXBuildFile; fileRef = B01F9CF8299AF2E90098F931 /* Theme.swift */; };
		B01F9CFB299AF4410098F931 /* DailyScrum.swift in Sources */ = {isa = PBXBuildFile; fileRef = B01F9CFA299AF4410098F931 /* DailyScrum.swift */; };
		B01F9CFD299AF5B50098F931 /* CardView.swift in Sources */ = {isa = PBXBuildFile; fileRef = B01F9CFC299AF5B50098F931 /* CardView.swift */; };
		B01F9CFF299AF8EC0098F931 /* TrailingIconLabelStyle.swift in Sources */ = {isa = PBXBuildFile; fileRef = B01F9CFE299AF8EC0098F931 /* TrailingIconLabelStyle.swift */; };
		B01F9D01299AFC880098F931 /* ScrumsView.swift in Sources */ = {isa = PBXBuildFile; fileRef = B01F9D00299AFC880098F931 /* ScrumsView.swift */; };
/* End PBXBuildFile section */

/* Begin PBXContainerItemProxy section */
		B01F9CDB299AEB2D0098F931 /* PBXContainerItemProxy */ = {
			isa = PBXContainerItemProxy;
			containerPortal = B01F9CC2299AEB290098F931 /* Project object */;
			proxyType = 1;
			remoteGlobalIDString = B01F9CC9299AEB290098F931;
			remoteInfo = Scrumdinger;
		};
		B01F9CE5299AEB2D0098F931 /* PBXContainerItemProxy */ = {
			isa = PBXContainerItemProxy;
			containerPortal = B01F9CC2299AEB290098F931 /* Project object */;
			proxyType = 1;
			remoteGlobalIDString = B01F9CC9299AEB290098F931;
			remoteInfo = Scrumdinger;
		};
/* End PBXContainerItemProxy section */

/* Begin PBXFileReference section */
		B01F9CCA299AEB290098F931 /* Scrumdinger.app */ = {isa = PBXFileReference; explicitFileType = wrapper.application; includeInIndex = 0; path = Scrumdinger.app; sourceTree = BUILT_PRODUCTS_DIR; };
		B01F9CCD299AEB290098F931 /* ScrumdingerApp.swift */ = {isa = PBXFileReference; lastKnownFileType = sourcecode.swift; path = ScrumdingerApp.swift; sourceTree = "<group>"; };
		B01F9CCF299AEB290098F931 /* MeetingView.swift */ = {isa = PBXFileReference; lastKnownFileType = sourcecode.swift; path = MeetingView.swift; sourceTree = "<group>"; };
		B01F9CD1299AEB2C0098F931 /* Assets.xcassets */ = {isa = PBXFileReference; lastKnownFileType = folder.assetcatalog; path = Assets.xcassets; sourceTree = "<group>"; };
		B01F9CD4299AEB2C0098F931 /* Preview Assets.xcassets */ = {isa = PBXFileReference; lastKnownFileType = folder.assetcatalog; path = "Preview Assets.xcassets"; sourceTree = "<group>"; };
		B01F9CDA299AEB2D0098F931 /* ScrumdingerTests.xctest */ = {isa = PBXFileReference; explicitFileType = wrapper.cfbundle; includeInIndex = 0; path = ScrumdingerTests.xctest; sourceTree = BUILT_PRODUCTS_DIR; };
		B01F9CDE299AEB2D0098F931 /* ScrumdingerTests.swift */ = {isa = PBXFileReference; lastKnownFileType = sourcecode.swift; path = ScrumdingerTests.swift; sourceTree = "<group>"; };
		B01F9CE4299AEB2D0098F931 /* ScrumdingerUITests.xctest */ = {isa = PBXFileReference; explicitFileType = wrapper.cfbundle; includeInIndex = 0; path = ScrumdingerUITests.xctest; sourceTree = BUILT_PRODUCTS_DIR; };
		B01F9CE8299AEB2D0098F931 /* ScrumdingerUITests.swift */ = {isa = PBXFileReference; lastKnownFileType = sourcecode.swift; path = ScrumdingerUITests.swift; sourceTree = "<group>"; };
		B01F9CEA299AEB2D0098F931 /* ScrumdingerUITestsLaunchTests.swift */ = {isa = PBXFileReference; lastKnownFileType = sourcecode.swift; path = ScrumdingerUITestsLaunchTests.swift; sourceTree = "<group>"; };
		B01F9CF8299AF2E90098F931 /* Theme.swift */ = {isa = PBXFileReference; lastKnownFileType = sourcecode.swift; path = Theme.swift; sourceTree = "<group>"; };
		B01F9CFA299AF4410098F931 /* DailyScrum.swift */ = {isa = PBXFileReference; lastKnownFileType = sourcecode.swift; path = DailyScrum.swift; sourceTree = "<group>"; };
		B01F9CFC299AF5B50098F931 /* CardView.swift */ = {isa = PBXFileReference; lastKnownFileType = sourcecode.swift; path = CardView.swift; sourceTree = "<group>"; };
		B01F9CFE299AF8EC0098F931 /* TrailingIconLabelStyle.swift */ = {isa = PBXFileReference; lastKnownFileType = sourcecode.swift; path = TrailingIconLabelStyle.swift; sourceTree = "<group>"; };
		B01F9D00299AFC880098F931 /* ScrumsView.swift */ = {isa = PBXFileReference; lastKnownFileType = sourcecode.swift; path = ScrumsView.swift; sourceTree = "<group>"; };
/* End PBXFileReference section */

/* Begin PBXFrameworksBuildPhase section */
		B01F9CC7299AEB290098F931 /* Frameworks */ = {
			isa = PBXFrameworksBuildPhase;
			buildActionMask = 2147483647;
			files = (
			);
			runOnlyForDeploymentPostprocessing = 0;
		};
		B01F9CD7299AEB2D0098F931 /* Frameworks */ = {
			isa = PBXFrameworksBuildPhase;
			buildActionMask = 2147483647;
			files = (
			);
			runOnlyForDeploymentPostprocessing = 0;
		};
		B01F9CE1299AEB2D0098F931 /* Frameworks */ = {
			isa = PBXFrameworksBuildPhase;
			buildActionMask = 2147483647;
			files = (
			);
			runOnlyForDeploymentPostprocessing = 0;
		};
/* End PBXFrameworksBuildPhase section */

/* Begin PBXGroup section */
		B01F9CC1299AEB290098F931 = {
			isa = PBXGroup;
			children = (
				B01F9CCC299AEB290098F931 /* Scrumdinger */,
				B01F9CDD299AEB2D0098F931 /* ScrumdingerTests */,
				B01F9CE7299AEB2D0098F931 /* ScrumdingerUITests */,
				B01F9CCB299AEB290098F931 /* Products */,
			);
			sourceTree = "<group>";
		};
		B01F9CCB299AEB290098F931 /* Products */ = {
			isa = PBXGroup;
			children = (
				B01F9CCA299AEB290098F931 /* Scrumdinger.app */,
				B01F9CDA299AEB2D0098F931 /* ScrumdingerTests.xctest */,
				B01F9CE4299AEB2D0098F931 /* ScrumdingerUITests.xctest */,
			);
			name = Products;
			sourceTree = "<group>";
		};
		B01F9CCC299AEB290098F931 /* Scrumdinger */ = {
			isa = PBXGroup;
			children = (
				B01F9CF7299AF2D10098F931 /* Models */,
				B01F9CCD299AEB290098F931 /* ScrumdingerApp.swift */,
				B01F9CCF299AEB290098F931 /* MeetingView.swift */,
				B01F9CD1299AEB2C0098F931 /* Assets.xcassets */,
				B01F9CD3299AEB2C0098F931 /* Preview Content */,
				B01F9CFC299AF5B50098F931 /* CardView.swift */,
				B01F9CFE299AF8EC0098F931 /* TrailingIconLabelStyle.swift */,
				B01F9D00299AFC880098F931 /* ScrumsView.swift */,
			);
			path = Scrumdinger;
			sourceTree = "<group>";
		};
		B01F9CD3299AEB2C0098F931 /* Preview Content */ = {
			isa = PBXGroup;
			children = (
				B01F9CD4299AEB2C0098F931 /* Preview Assets.xcassets */,
			);
			path = "Preview Content";
			sourceTree = "<group>";
		};
		B01F9CDD299AEB2D0098F931 /* ScrumdingerTests */ = {
			isa = PBXGroup;
			children = (
				B01F9CDE299AEB2D0098F931 /* ScrumdingerTests.swift */,
			);
			path = ScrumdingerTests;
			sourceTree = "<group>";
		};
		B01F9CE7299AEB2D0098F931 /* ScrumdingerUITests */ = {
			isa = PBXGroup;
			children = (
				B01F9CE8299AEB2D0098F931 /* ScrumdingerUITests.swift */,
				B01F9CEA299AEB2D0098F931 /* ScrumdingerUITestsLaunchTests.swift */,
			);
			path = ScrumdingerUITests;
			sourceTree = "<group>";
		};
		B01F9CF7299AF2D10098F931 /* Models */ = {
			isa = PBXGroup;
			children = (
				B01F9CF8299AF2E90098F931 /* Theme.swift */,
				B01F9CFA299AF4410098F931 /* DailyScrum.swift */,
			);
			path = Models;
			sourceTree = "<group>";
		};
/* End PBXGroup section */

/* Begin PBXNativeTarget section */
		B01F9CC9299AEB290098F931 /* Scrumdinger */ = {
			isa = PBXNativeTarget;
			buildConfigurationList = B01F9CEE299AEB2D0098F931 /* Build configuration list for PBXNativeTarget "Scrumdinger" */;
			buildPhases = (
				B01F9CC6299AEB290098F931 /* Sources */,
				B01F9CC7299AEB290098F931 /* Frameworks */,
				B01F9CC8299AEB290098F931 /* Resources */,
			);
			buildRules = (
			);
			dependencies = (
			);
			name = Scrumdinger;
			productName = Scrumdinger;
			productReference = B01F9CCA299AEB290098F931 /* Scrumdinger.app */;
			productType = "com.apple.product-type.application";
		};
		B01F9CD9299AEB2D0098F931 /* ScrumdingerTests */ = {
			isa = PBXNativeTarget;
			buildConfigurationList = B01F9CF1299AEB2D0098F931 /* Build configuration list for PBXNativeTarget "ScrumdingerTests" */;
			buildPhases = (
				B01F9CD6299AEB2D0098F931 /* Sources */,
				B01F9CD7299AEB2D0098F931 /* Frameworks */,
				B01F9CD8299AEB2D0098F931 /* Resources */,
			);
			buildRules = (
			);
			dependencies = (
				B01F9CDC299AEB2D0098F931 /* PBXTargetDependency */,
			);
			name = ScrumdingerTests;
			productName = ScrumdingerTests;
			productReference = B01F9CDA299AEB2D0098F931 /* ScrumdingerTests.xctest */;
			productType = "com.apple.product-type.bundle.unit-test";
		};
		B01F9CE3299AEB2D0098F931 /* ScrumdingerUITests */ = {
			isa = PBXNativeTarget;
			buildConfigurationList = B01F9CF4299AEB2D0098F931 /* Build configuration list for PBXNativeTarget "ScrumdingerUITests" */;
			buildPhases = (
				B01F9CE0299AEB2D0098F931 /* Sources */,
				B01F9CE1299AEB2D0098F931 /* Frameworks */,
				B01F9CE2299AEB2D0098F931 /* Resources */,
			);
			buildRules = (
			);
			dependencies = (
				B01F9CE6299AEB2D0098F931 /* PBXTargetDependency */,
			);
			name = ScrumdingerUITests;
			productName = ScrumdingerUITests;
			productReference = B01F9CE4299AEB2D0098F931 /* ScrumdingerUITests.xctest */;
			productType = "com.apple.product-type.bundle.ui-testing";
		};
/* End PBXNativeTarget section */

/* Begin PBXProject section */
		B01F9CC2299AEB290098F931 /* Project object */ = {
			isa = PBXProject;
			attributes = {
				BuildIndependentTargetsInParallel = 1;
				LastSwiftUpdateCheck = 1410;
				LastUpgradeCheck = 1410;
				TargetAttributes = {
					B01F9CC9299AEB290098F931 = {
						CreatedOnToolsVersion = 14.1;
					};
					B01F9CD9299AEB2D0098F931 = {
						CreatedOnToolsVersion = 14.1;
						TestTargetID = B01F9CC9299AEB290098F931;
					};
					B01F9CE3299AEB2D0098F931 = {
						CreatedOnToolsVersion = 14.1;
						TestTargetID = B01F9CC9299AEB290098F931;
					};
				};
			};
			buildConfigurationList = B01F9CC5299AEB290098F931 /* Build configuration list for PBXProject "Scrumdinger" */;
			compatibilityVersion = "Xcode 14.0";
			developmentRegion = en;
			hasScannedForEncodings = 0;
			knownRegions = (
				en,
				Base,
			);
			mainGroup = B01F9CC1299AEB290098F931;
			productRefGroup = B01F9CCB299AEB290098F931 /* Products */;
			projectDirPath = "";
			projectRoot = "";
			targets = (
				B01F9CC9299AEB290098F931 /* Scrumdinger */,
				B01F9CD9299AEB2D0098F931 /* ScrumdingerTests */,
				B01F9CE3299AEB2D0098F931 /* ScrumdingerUITests */,
			);
		};
/* End PBXProject section */

/* Begin PBXResourcesBuildPhase section */
		B01F9CC8299AEB290098F931 /* Resources */ = {
			isa = PBXResourcesBuildPhase;
			buildActionMask = 2147483647;
			files = (
				B01F9CD5299AEB2C0098F931 /* Preview Assets.xcassets in Resources */,
				B01F9CD2299AEB2C0098F931 /* Assets.xcassets in Resources */,
			);
			runOnlyForDeploymentPostprocessing = 0;
		};
		B01F9CD8299AEB2D0098F931 /* Resources */ = {
			isa = PBXResourcesBuildPhase;
			buildActionMask = 2147483647;
			files = (
			);
			runOnlyForDeploymentPostprocessing = 0;
		};
		B01F9CE2299AEB2D0098F931 /* Resources */ = {
			isa = PBXResourcesBuildPhase;
			buildActionMask = 2147483647;
			files = (
			);
			runOnlyForDeploymentPostprocessing = 0;
		};
/* End PBXResourcesBuildPhase section */

/* Begin PBXSourcesBuildPhase section */
		B01F9CC6299AEB290098F931 /* Sources */ = {
			isa = PBXSourcesBuildPhase;
			buildActionMask = 2147483647;
			files = (
				B01F9CFD299AF5B50098F931 /* CardView.swift in Sources */,
				B01F9CFF299AF8EC0098F931 /* TrailingIconLabelStyle.swift in Sources */,
				B01F9CFB299AF4410098F931 /* DailyScrum.swift in Sources */,
				B01F9D01299AFC880098F931 /* ScrumsView.swift in Sources */,
				B01F9CF9299AF2E90098F931 /* Theme.swift in Sources */,
				B01F9CD0299AEB290098F931 /* MeetingView.swift in Sources */,
				B01F9CCE299AEB290098F931 /* ScrumdingerApp.swift in Sources */,
			);
			runOnlyForDeploymentPostprocessing = 0;
		};
		B01F9CD6299AEB2D0098F931 /* Sources */ = {
			isa = PBXSourcesBuildPhase;
			buildActionMask = 2147483647;
			files = (
				B01F9CDF299AEB2D0098F931 /* ScrumdingerTests.swift in Sources */,
			);
			runOnlyForDeploymentPostprocessing = 0;
		};
		B01F9CE0299AEB2D0098F931 /* Sources */ = {
			isa = PBXSourcesBuildPhase;
			buildActionMask = 2147483647;
			files = (
				B01F9CEB299AEB2D0098F931 /* ScrumdingerUITestsLaunchTests.swift in Sources */,
				B01F9CE9299AEB2D0098F931 /* ScrumdingerUITests.swift in Sources */,
			);
			runOnlyForDeploymentPostprocessing = 0;
		};
/* End PBXSourcesBuildPhase section */

/* Begin PBXTargetDependency section */
		B01F9CDC299AEB2D0098F931 /* PBXTargetDependency */ = {
			isa = PBXTargetDependency;
			target = B01F9CC9299AEB290098F931 /* Scrumdinger */;
			targetProxy = B01F9CDB299AEB2D0098F931 /* PBXContainerItemProxy */;
		};
		B01F9CE6299AEB2D0098F931 /* PBXTargetDependency */ = {
			isa = PBXTargetDependency;
			target = B01F9CC9299AEB290098F931 /* Scrumdinger */;
			targetProxy = B01F9CE5299AEB2D0098F931 /* PBXContainerItemProxy */;
		};
/* End PBXTargetDependency section */

/* Begin XCBuildConfiguration section */
		B01F9CEC299AEB2D0098F931 /* Debug */ = {
			isa = XCBuildConfiguration;
			buildSettings = {
				ALWAYS_SEARCH_USER_PATHS = NO;
				CLANG_ANALYZER_NONNULL = YES;
				CLANG_ANALYZER_NUMBER_OBJECT_CONVERSION = YES_AGGRESSIVE;
				CLANG_CXX_LANGUAGE_STANDARD = "gnu++20";
				CLANG_ENABLE_MODULES = YES;
				CLANG_ENABLE_OBJC_ARC = YES;
				CLANG_ENABLE_OBJC_WEAK = YES;
				CLANG_WARN_BLOCK_CAPTURE_AUTORELEASING = YES;
				CLANG_WARN_BOOL_CONVERSION = YES;
				CLANG_WARN_COMMA = YES;
				CLANG_WARN_CONSTANT_CONVERSION = YES;
				CLANG_WARN_DEPRECATED_OBJC_IMPLEMENTATIONS = YES;
				CLANG_WARN_DIRECT_OBJC_ISA_USAGE = YES_ERROR;
				CLANG_WARN_DOCUMENTATION_COMMENTS = YES;
				CLANG_WARN_EMPTY_BODY = YES;
				CLANG_WARN_ENUM_CONVERSION = YES;
				CLANG_WARN_INFINITE_RECURSION = YES;
				CLANG_WARN_INT_CONVERSION = YES;
				CLANG_WARN_NON_LITERAL_NULL_CONVERSION = YES;
				CLANG_WARN_OBJC_IMPLICIT_RETAIN_SELF = YES;
				CLANG_WARN_OBJC_LITERAL_CONVERSION = YES;
				CLANG_WARN_OBJC_ROOT_CLASS = YES_ERROR;
				CLANG_WARN_QUOTED_INCLUDE_IN_FRAMEWORK_HEADER = YES;
				CLANG_WARN_RANGE_LOOP_ANALYSIS = YES;
				CLANG_WARN_STRICT_PROTOTYPES = YES;
				CLANG_WARN_SUSPICIOUS_MOVE = YES;
				CLANG_WARN_UNGUARDED_AVAILABILITY = YES_AGGRESSIVE;
				CLANG_WARN_UNREACHABLE_CODE = YES;
				CLANG_WARN__DUPLICATE_METHOD_MATCH = YES;
				COPY_PHASE_STRIP = NO;
				DEBUG_INFORMATION_FORMAT = dwarf;
				ENABLE_STRICT_OBJC_MSGSEND = YES;
				ENABLE_TESTABILITY = YES;
				GCC_C_LANGUAGE_STANDARD = gnu11;
				GCC_DYNAMIC_NO_PIC = NO;
				GCC_NO_COMMON_BLOCKS = YES;
				GCC_OPTIMIZATION_LEVEL = 0;
				GCC_PREPROCESSOR_DEFINITIONS = (
					"DEBUG=1",
					"$(inherited)",
				);
				GCC_WARN_64_TO_32_BIT_CONVERSION = YES;
				GCC_WARN_ABOUT_RETURN_TYPE = YES_ERROR;
				GCC_WARN_UNDECLARED_SELECTOR = YES;
				GCC_WARN_UNINITIALIZED_AUTOS = YES_AGGRESSIVE;
				GCC_WARN_UNUSED_FUNCTION = YES;
				GCC_WARN_UNUSED_VARIABLE = YES;
				IPHONEOS_DEPLOYMENT_TARGET = 16.1;
				MTL_ENABLE_DEBUG_INFO = INCLUDE_SOURCE;
				MTL_FAST_MATH = YES;
				ONLY_ACTIVE_ARCH = YES;
				SDKROOT = iphoneos;
				SWIFT_ACTIVE_COMPILATION_CONDITIONS = DEBUG;
				SWIFT_OPTIMIZATION_LEVEL = "-Onone";
			};
			name = Debug;
		};
		B01F9CED299AEB2D0098F931 /* Release */ = {
			isa = XCBuildConfiguration;
			buildSettings = {
				ALWAYS_SEARCH_USER_PATHS = NO;
				CLANG_ANALYZER_NONNULL = YES;
				CLANG_ANALYZER_NUMBER_OBJECT_CONVERSION = YES_AGGRESSIVE;
				CLANG_CXX_LANGUAGE_STANDARD = "gnu++20";
				CLANG_ENABLE_MODULES = YES;
				CLANG_ENABLE_OBJC_ARC = YES;
				CLANG_ENABLE_OBJC_WEAK = YES;
				CLANG_WARN_BLOCK_CAPTURE_AUTORELEASING = YES;
				CLANG_WARN_BOOL_CONVERSION = YES;
				CLANG_WARN_COMMA = YES;
				CLANG_WARN_CONSTANT_CONVERSION = YES;
				CLANG_WARN_DEPRECATED_OBJC_IMPLEMENTATIONS = YES;
				CLANG_WARN_DIRECT_OBJC_ISA_USAGE = YES_ERROR;
				CLANG_WARN_DOCUMENTATION_COMMENTS = YES;
				CLANG_WARN_EMPTY_BODY = YES;
				CLANG_WARN_ENUM_CONVERSION = YES;
				CLANG_WARN_INFINITE_RECURSION = YES;
				CLANG_WARN_INT_CONVERSION = YES;
				CLANG_WARN_NON_LITERAL_NULL_CONVERSION = YES;
				CLANG_WARN_OBJC_IMPLICIT_RETAIN_SELF = YES;
				CLANG_WARN_OBJC_LITERAL_CONVERSION = YES;
				CLANG_WARN_OBJC_ROOT_CLASS = YES_ERROR;
				CLANG_WARN_QUOTED_INCLUDE_IN_FRAMEWORK_HEADER = YES;
				CLANG_WARN_RANGE_LOOP_ANALYSIS = YES;
				CLANG_WARN_STRICT_PROTOTYPES = YES;
				CLANG_WARN_SUSPICIOUS_MOVE = YES;
				CLANG_WARN_UNGUARDED_AVAILABILITY = YES_AGGRESSIVE;
				CLANG_WARN_UNREACHABLE_CODE = YES;
				CLANG_WARN__DUPLICATE_METHOD_MATCH = YES;
				COPY_PHASE_STRIP = NO;
				DEBUG_INFORMATION_FORMAT = "dwarf-with-dsym";
				ENABLE_NS_ASSERTIONS = NO;
				ENABLE_STRICT_OBJC_MSGSEND = YES;
				GCC_C_LANGUAGE_STANDARD = gnu11;
				GCC_NO_COMMON_BLOCKS = YES;
				GCC_WARN_64_TO_32_BIT_CONVERSION = YES;
				GCC_WARN_ABOUT_RETURN_TYPE = YES_ERROR;
				GCC_WARN_UNDECLARED_SELECTOR = YES;
				GCC_WARN_UNINITIALIZED_AUTOS = YES_AGGRESSIVE;
				GCC_WARN_UNUSED_FUNCTION = YES;
				GCC_WARN_UNUSED_VARIABLE = YES;
				IPHONEOS_DEPLOYMENT_TARGET = 16.1;
				MTL_ENABLE_DEBUG_INFO = NO;
				MTL_FAST_MATH = YES;
				SDKROOT = iphoneos;
				SWIFT_COMPILATION_MODE = wholemodule;
				SWIFT_OPTIMIZATION_LEVEL = "-O";
				VALIDATE_PRODUCT = YES;
			};
			name = Release;
		};
		B01F9CEF299AEB2D0098F931 /* Debug */ = {
			isa = XCBuildConfiguration;
			buildSettings = {
				ASSETCATALOG_COMPILER_APPICON_NAME = AppIcon;
				ASSETCATALOG_COMPILER_GLOBAL_ACCENT_COLOR_NAME = AccentColor;
				CODE_SIGN_STYLE = Automatic;
				CURRENT_PROJECT_VERSION = 1;
				DEVELOPMENT_ASSET_PATHS = "\"Scrumdinger/Preview Content\"";
				ENABLE_PREVIEWS = YES;
				GENERATE_INFOPLIST_FILE = YES;
				INFOPLIST_KEY_UIApplicationSceneManifest_Generation = YES;
				INFOPLIST_KEY_UIApplicationSupportsIndirectInputEvents = YES;
				INFOPLIST_KEY_UILaunchScreen_Generation = YES;
				INFOPLIST_KEY_UISupportedInterfaceOrientations_iPad = "UIInterfaceOrientationPortrait UIInterfaceOrientationPortraitUpsideDown UIInterfaceOrientationLandscapeLeft UIInterfaceOrientationLandscapeRight";
				INFOPLIST_KEY_UISupportedInterfaceOrientations_iPhone = "UIInterfaceOrientationPortrait UIInterfaceOrientationLandscapeLeft UIInterfaceOrientationLandscapeRight";
				LD_RUNPATH_SEARCH_PATHS = (
					"$(inherited)",
					"@executable_path/Frameworks",
				);
				MARKETING_VERSION = 1.0;
				PRODUCT_BUNDLE_IDENTIFIER = com.moriso.Scrumdinger;
				PRODUCT_NAME = "$(TARGET_NAME)";
				SWIFT_EMIT_LOC_STRINGS = YES;
				SWIFT_VERSION = 5.0;
				TARGETED_DEVICE_FAMILY = "1,2";
			};
			name = Debug;
		};
		B01F9CF0299AEB2D0098F931 /* Release */ = {
			isa = XCBuildConfiguration;
			buildSettings = {
				ASSETCATALOG_COMPILER_APPICON_NAME = AppIcon;
				ASSETCATALOG_COMPILER_GLOBAL_ACCENT_COLOR_NAME = AccentColor;
				CODE_SIGN_STYLE = Automatic;
				CURRENT_PROJECT_VERSION = 1;
				DEVELOPMENT_ASSET_PATHS = "\"Scrumdinger/Preview Content\"";
				ENABLE_PREVIEWS = YES;
				GENERATE_INFOPLIST_FILE = YES;
				INFOPLIST_KEY_UIApplicationSceneManifest_Generation = YES;
				INFOPLIST_KEY_UIApplicationSupportsIndirectInputEvents = YES;
				INFOPLIST_KEY_UILaunchScreen_Generation = YES;
				INFOPLIST_KEY_UISupportedInterfaceOrientations_iPad = "UIInterfaceOrientationPortrait UIInterfaceOrientationPortraitUpsideDown UIInterfaceOrientationLandscapeLeft UIInterfaceOrientationLandscapeRight";
				INFOPLIST_KEY_UISupportedInterfaceOrientations_iPhone = "UIInterfaceOrientationPortrait UIInterfaceOrientationLandscapeLeft UIInterfaceOrientationLandscapeRight";
				LD_RUNPATH_SEARCH_PATHS = (
					"$(inherited)",
					"@executable_path/Frameworks",
				);
				MARKETING_VERSION = 1.0;
				PRODUCT_BUNDLE_IDENTIFIER = com.moriso.Scrumdinger;
				PRODUCT_NAME = "$(TARGET_NAME)";
				SWIFT_EMIT_LOC_STRINGS = YES;
				SWIFT_VERSION = 5.0;
				TARGETED_DEVICE_FAMILY = "1,2";
			};
			name = Release;
		};
		B01F9CF2299AEB2D0098F931 /* Debug */ = {
			isa = XCBuildConfiguration;
			buildSettings = {
				ALWAYS_EMBED_SWIFT_STANDARD_LIBRARIES = YES;
				BUNDLE_LOADER = "$(TEST_HOST)";
				CODE_SIGN_STYLE = Automatic;
				CURRENT_PROJECT_VERSION = 1;
				GENERATE_INFOPLIST_FILE = YES;
				IPHONEOS_DEPLOYMENT_TARGET = 16.1;
				MARKETING_VERSION = 1.0;
				PRODUCT_BUNDLE_IDENTIFIER = com.moriso.ScrumdingerTests;
				PRODUCT_NAME = "$(TARGET_NAME)";
				SWIFT_EMIT_LOC_STRINGS = NO;
				SWIFT_VERSION = 5.0;
				TARGETED_DEVICE_FAMILY = "1,2";
				TEST_HOST = "$(BUILT_PRODUCTS_DIR)/Scrumdinger.app/$(BUNDLE_EXECUTABLE_FOLDER_PATH)/Scrumdinger";
			};
			name = Debug;
		};
		B01F9CF3299AEB2D0098F931 /* Release */ = {
			isa = XCBuildConfiguration;
			buildSettings = {
				ALWAYS_EMBED_SWIFT_STANDARD_LIBRARIES = YES;
				BUNDLE_LOADER = "$(TEST_HOST)";
				CODE_SIGN_STYLE = Automatic;
				CURRENT_PROJECT_VERSION = 1;
				GENERATE_INFOPLIST_FILE = YES;
				IPHONEOS_DEPLOYMENT_TARGET = 16.1;
				MARKETING_VERSION = 1.0;
				PRODUCT_BUNDLE_IDENTIFIER = com.moriso.ScrumdingerTests;
				PRODUCT_NAME = "$(TARGET_NAME)";
				SWIFT_EMIT_LOC_STRINGS = NO;
				SWIFT_VERSION = 5.0;
				TARGETED_DEVICE_FAMILY = "1,2";
				TEST_HOST = "$(BUILT_PRODUCTS_DIR)/Scrumdinger.app/$(BUNDLE_EXECUTABLE_FOLDER_PATH)/Scrumdinger";
			};
			name = Release;
		};
		B01F9CF5299AEB2D0098F931 /* Debug */ = {
			isa = XCBuildConfiguration;
			buildSettings = {
				ALWAYS_EMBED_SWIFT_STANDARD_LIBRARIES = YES;
				CODE_SIGN_STYLE = Automatic;
				CURRENT_PROJECT_VERSION = 1;
				GENERATE_INFOPLIST_FILE = YES;
				MARKETING_VERSION = 1.0;
				PRODUCT_BUNDLE_IDENTIFIER = com.moriso.ScrumdingerUITests;
				PRODUCT_NAME = "$(TARGET_NAME)";
				SWIFT_EMIT_LOC_STRINGS = NO;
				SWIFT_VERSION = 5.0;
				TARGETED_DEVICE_FAMILY = "1,2";
				TEST_TARGET_NAME = Scrumdinger;
			};
			name = Debug;
		};
		B01F9CF6299AEB2D0098F931 /* Release */ = {
			isa = XCBuildConfiguration;
			buildSettings = {
				ALWAYS_EMBED_SWIFT_STANDARD_LIBRARIES = YES;
				CODE_SIGN_STYLE = Automatic;
				CURRENT_PROJECT_VERSION = 1;
				GENERATE_INFOPLIST_FILE = YES;
				MARKETING_VERSION = 1.0;
				PRODUCT_BUNDLE_IDENTIFIER = com.moriso.ScrumdingerUITests;
				PRODUCT_NAME = "$(TARGET_NAME)";
				SWIFT_EMIT_LOC_STRINGS = NO;
				SWIFT_VERSION = 5.0;
				TARGETED_DEVICE_FAMILY = "1,2";
				TEST_TARGET_NAME = Scrumdinger;
			};
			name = Release;
		};
/* End XCBuildConfiguration section */

/* Begin XCConfigurationList section */
		B01F9CC5299AEB290098F931 /* Build configuration list for PBXProject "Scrumdinger" */ = {
			isa = XCConfigurationList;
			buildConfigurations = (
				B01F9CEC299AEB2D0098F931 /* Debug */,
				B01F9CED299AEB2D0098F931 /* Release */,
			);
			defaultConfigurationIsVisible = 0;
			defaultConfigurationName = Release;
		};
		B01F9CEE299AEB2D0098F931 /* Build configuration list for PBXNativeTarget "Scrumdinger" */ = {
			isa = XCConfigurationList;
			buildConfigurations = (
				B01F9CEF299AEB2D0098F931 /* Debug */,
				B01F9CF0299AEB2D0098F931 /* Release */,
			);
			defaultConfigurationIsVisible = 0;
			defaultConfigurationName = Release;
		};
		B01F9CF1299AEB2D0098F931 /* Build configuration list for PBXNativeTarget "ScrumdingerTests" */ = {
			isa = XCConfigurationList;
			buildConfigurations = (
				B01F9CF2299AEB2D0098F931 /* Debug */,
				B01F9CF3299AEB2D0098F931 /* Release */,
			);
			defaultConfigurationIsVisible = 0;
			defaultConfigurationName = Release;
		};
		B01F9CF4299AEB2D0098F931 /* Build configuration list for PBXNativeTarget "ScrumdingerUITests" */ = {
			isa = XCConfigurationList;
			buildConfigurations = (
				B01F9CF5299AEB2D0098F931 /* Debug */,
				B01F9CF6299AEB2D0098F931 /* Release */,
			);
			defaultConfigurationIsVisible = 0;
			defaultConfigurationName = Release;
		};
/* End XCConfigurationList section */
	};
	rootObject = B01F9CC2299AEB290098F931 /* Project object */;
}
